
Microsoft Visual Studio Solution File, Format Version 12.00
# Visual Studio Version 16
VisualStudioVersion = 16.0.30503.244
MinimumVisualStudioVersion = 10.0.40219.1
Project("{F184B08F-C81C-45F6-A57F-5ABD9991F28F}") = "Course 2 - Week 1 - Assignmemt 1", "Course 2 - Week 1 - Assignmemt 1.vbproj", "{CFF3C581-6893-44DA-B61F-5F6F35E6A2DA}"
EndProject
Global
	GlobalSection(SolutionConfigurationPlatforms) = preSolution
		Debug|Any CPU = Debug|Any CPU
		Release|Any CPU = Release|Any CPU
	EndGlobalSection
	GlobalSection(ProjectConfigurationPlatforms) = postSolution
		{CFF3C581-6893-44DA-B61F-5F6F35E6A2DA}.Debug|Any CPU.ActiveCfg = Debug|Any CPU
		{CFF3C581-6893-44DA-B61F-5F6F35E6A2DA}.Debug|Any CPU.Build.0 = Debug|Any CPU
		{CFF3C581-6893-44DA-B61F-5F6F35E6A2DA}.Release|Any CPU.ActiveCfg = Release|Any CPU
		{CFF3C581-6893-44DA-B61F-5F6F35E6A2DA}.Release|Any CPU.Build.0 = Release|Any CPU
	EndGlobalSection
	GlobalSection(SolutionProperties) = preSolution
		HideSolutionNode = FALSE
	EndGlobalSection
	GlobalSection(ExtensibilityGlobals) = postSolution
		SolutionGuid = {BF2FBAD5-FAC4-4877-8487-B6318EB5DDEC}
	EndGlobalSection
EndGlobal
