
Microsoft Visual Studio Solution File, Format Version 12.00
# Visual Studio Version 16
VisualStudioVersion = 16.0.30503.244
MinimumVisualStudioVersion = 10.0.40219.1
Project("{F184B08F-C81C-45F6-A57F-5ABD9991F28F}") = "Course 3 - Week 4 - Assignment 1", "Course 3 - Week 4 - Assignment 1.vbproj", "{68F239A0-3FFD-4ACE-B419-BC47BEADDF72}"
EndProject
Global
	GlobalSection(SolutionConfigurationPlatforms) = preSolution
		Debug|Any CPU = Debug|Any CPU
		Release|Any CPU = Release|Any CPU
	EndGlobalSection
	GlobalSection(ProjectConfigurationPlatforms) = postSolution
		{68F239A0-3FFD-4ACE-B419-BC47BEADDF72}.Debug|Any CPU.ActiveCfg = Debug|Any CPU
		{68F239A0-3FFD-4ACE-B419-BC47BEADDF72}.Debug|Any CPU.Build.0 = Debug|Any CPU
		{68F239A0-3FFD-4ACE-B419-BC47BEADDF72}.Release|Any CPU.ActiveCfg = Release|Any CPU
		{68F239A0-3FFD-4ACE-B419-BC47BEADDF72}.Release|Any CPU.Build.0 = Release|Any CPU
	EndGlobalSection
	GlobalSection(SolutionProperties) = preSolution
		HideSolutionNode = FALSE
	EndGlobalSection
	GlobalSection(ExtensibilityGlobals) = postSolution
		SolutionGuid = {2A48C659-1D0E-4EAD-B930-FC831C40AE3A}
	EndGlobalSection
EndGlobal
